
Microsoft Visual Studio Solution File, Format Version 12.00
# Visual Studio Version 16
VisualStudioVersion = 16.0.31515.178
MinimumVisualStudioVersion = 10.0.40219.1
Project("{FAE04EC0-301F-11D3-BF4B-00C04F79EFBC}") = "WebApplication1", "WebApplication1\WebApplication1.csproj", "{394DBE7C-3E9B-4644-A67B-5CD7121328AF}"
EndProject
Global
	GlobalSection(SolutionConfigurationPlatforms) = preSolution
		Debug|Any CPU = Debug|Any CPU
		Release|Any CPU = Release|Any CPU
	EndGlobalSection
	GlobalSection(ProjectConfigurationPlatforms) = postSolution
		{394DBE7C-3E9B-4644-A67B-5CD7121328AF}.Debug|Any CPU.ActiveCfg = Debug|Any CPU
		{394DBE7C-3E9B-4644-A67B-5CD7121328AF}.Debug|Any CPU.Build.0 = Debug|Any CPU
		{394DBE7C-3E9B-4644-A67B-5CD7121328AF}.Release|Any CPU.ActiveCfg = Release|Any CPU
		{394DBE7C-3E9B-4644-A67B-5CD7121328AF}.Release|Any CPU.Build.0 = Release|Any CPU
	EndGlobalSection
	GlobalSection(SolutionProperties) = preSolution
		HideSolutionNode = FALSE
	EndGlobalSection
	GlobalSection(ExtensibilityGlobals) = postSolution
		SolutionGuid = {94673CAA-4074-4B93-994C-3853E00188F3}
	EndGlobalSection
EndGlobal
